hash: ac5dd6338d697f0a820754146b9ebbbaabd703f4082d73b26e5f5c8c755976e7
updated: 2016-07-06T13:59:24.44855162-07:00
imports:
- name: github.com/davidrjonas/hipchat-addon
  version: 2c562705e9b9ee7a3fc5259e93fbeffd8110eaa8
- name: github.com/dgrijalva/jwt-go
  version: 268038b363c7a8d7306b8e35bf77a1fde4b0c402
- name: github.com/jmoiron/jsonq
  version: e874b168d07ecc7808bc950a17998a8aa3141d82
- name: github.com/Sirupsen/logrus
  version: f3cfb454f4c209e6668c95216c4744b8fddb2356
- name: golang.org/x/sys
  version: a408501be4d17ee978c04a618e7a1b22af058c0e
  subpackages:
  - unix
devImports: []
